// !$*UTF8*$!
{
	archiveVersion = 1;
	classes = {
	};
	objectVersion = 55;
	objects = {

/* Begin PBXBuildFile section */
		861102D928C7271500677B51 /* Task.swift in Sources */ = {isa = PBXBuildFile; fileRef = 861102D828C7271500677B51 /* Task.swift */; };
		861102DD28C7272000677B51 /* User.swift in Sources */ = {isa = PBXBuildFile; fileRef = 861102DC28C7272000677B51 /* User.swift */; };
		861A2F8728C4A5E800414FA2 /* GoogleService-Info.plist in Resources */ = {isa = PBXBuildFile; fileRef = 861A2F8628C4A5E800414FA2 /* GoogleService-Info.plist */; };
		86576EDE28C4A26000863CC6 /* AppDelegate.swift in Sources */ = {isa = PBXBuildFile; fileRef = 86576EDD28C4A26000863CC6 /* AppDelegate.swift */; };
		86576EE028C4A26000863CC6 /* SceneDelegate.swift in Sources */ = {isa = PBXBuildFile; fileRef = 86576EDF28C4A26000863CC6 /* SceneDelegate.swift */; };
		86576EE228C4A26000863CC6 /* LoginViewController.swift in Sources */ = {isa = PBXBuildFile; fileRef = 86576EE128C4A26000863CC6 /* LoginViewController.swift */; };
		86576EE528C4A26000863CC6 /* Main.storyboard in Resources */ = {isa = PBXBuildFile; fileRef = 86576EE328C4A26000863CC6 /* Main.storyboard */; };
		86576EE728C4A26000863CC6 /* Assets.xcassets in Resources */ = {isa = PBXBuildFile; fileRef = 86576EE628C4A26000863CC6 /* Assets.xcassets */; };
		86576EEA28C4A26000863CC6 /* LaunchScreen.storyboard in Resources */ = {isa = PBXBuildFile; fileRef = 86576EE828C4A26000863CC6 /* LaunchScreen.storyboard */; };
		86576EF228C4A2A000863CC6 /* TaskViewController.swift in Sources */ = {isa = PBXBuildFile; fileRef = 86576EF128C4A2A000863CC6 /* TaskViewController.swift */; };
		D39E166024F1DFF870A116FE /* Pods_fire.framework in Frameworks */ = {isa = PBXBuildFile; fileRef = D7743F70B2FEE17D38CA7DAC /* Pods_fire.framework */; };
/* End PBXBuildFile section */

/* Begin PBXFileReference section */
		861102D828C7271500677B51 /* Task.swift */ = {isa = PBXFileReference; lastKnownFileType = sourcecode.swift; path = Task.swift; sourceTree = "<group>"; };
		861102DC28C7272000677B51 /* User.swift */ = {isa = PBXFileReference; lastKnownFileType = sourcecode.swift; path = User.swift; sourceTree = "<group>"; };
		861A2F8628C4A5E800414FA2 /* GoogleService-Info.plist */ = {isa = PBXFileReference; fileEncoding = 4; lastKnownFileType = text.plist.xml; path = "GoogleService-Info.plist"; sourceTree = "<group>"; };
		86576EDA28C4A26000863CC6 /* fire.app */ = {isa = PBXFileReference; explicitFileType = wrapper.application; includeInIndex = 0; path = fire.app; sourceTree = BUILT_PRODUCTS_DIR; };
		86576EDD28C4A26000863CC6 /* AppDelegate.swift */ = {isa = PBXFileReference; lastKnownFileType = sourcecode.swift; path = AppDelegate.swift; sourceTree = "<group>"; };
		86576EDF28C4A26000863CC6 /* SceneDelegate.swift */ = {isa = PBXFileReference; lastKnownFileType = sourcecode.swift; path = SceneDelegate.swift; sourceTree = "<group>"; };
		86576EE128C4A26000863CC6 /* LoginViewController.swift */ = {isa = PBXFileReference; lastKnownFileType = sourcecode.swift; path = LoginViewController.swift; sourceTree = "<group>"; };
		86576EE428C4A26000863CC6 /* Base */ = {isa = PBXFileReference; lastKnownFileType = file.storyboard; name = Base; path = Base.lproj/Main.storyboard; sourceTree = "<group>"; };
		86576EE628C4A26000863CC6 /* Assets.xcassets */ = {isa = PBXFileReference; lastKnownFileType = folder.assetcatalog; path = Assets.xcassets; sourceTree = "<group>"; };
		86576EE928C4A26000863CC6 /* Base */ = {isa = PBXFileReference; lastKnownFileType = file.storyboard; name = Base; path = Base.lproj/LaunchScreen.storyboard; sourceTree = "<group>"; };
		86576EEB28C4A26000863CC6 /* Info.plist */ = {isa = PBXFileReference; lastKnownFileType = text.plist.xml; path = Info.plist; sourceTree = "<group>"; };
		86576EF128C4A2A000863CC6 /* TaskViewController.swift */ = {isa = PBXFileReference; lastKnownFileType = sourcecode.swift; path = TaskViewController.swift; sourceTree = "<group>"; };
		B1AD5A59C1FA4E4F98435940 /* Pods-fire.debug.xcconfig */ = {isa = PBXFileReference; includeInIndex = 1; lastKnownFileType = text.xcconfig; name = "Pods-fire.debug.xcconfig"; path = "Target Support Files/Pods-fire/Pods-fire.debug.xcconfig"; sourceTree = "<group>"; };
		C30F517EE033FA010CC49158 /* Pods-fire.release.xcconfig */ = {isa = PBXFileReference; includeInIndex = 1; lastKnownFileType = text.xcconfig; name = "Pods-fire.release.xcconfig"; path = "Target Support Files/Pods-fire/Pods-fire.release.xcconfig"; sourceTree = "<group>"; };
		D7743F70B2FEE17D38CA7DAC /* Pods_fire.framework */ = {isa = PBXFileReference; explicitFileType = wrapper.framework; includeInIndex = 0; path = Pods_fire.framework; sourceTree = BUILT_PRODUCTS_DIR; };
/* End PBXFileReference section */

/* Begin PBXFrameworksBuildPhase section */
		86576ED728C4A26000863CC6 /* Frameworks */ = {
			isa = PBXFrameworksBuildPhase;
			buildActionMask = 2147483647;
			files = (
				D39E166024F1DFF870A116FE /* Pods_fire.framework in Frameworks */,
			);
			runOnlyForDeploymentPostprocessing = 0;
		};
/* End PBXFrameworksBuildPhase section */

/* Begin PBXGroup section */
		861102D528C7225800677B51 /* Controllers */ = {
			isa = PBXGroup;
			children = (
				86576EE128C4A26000863CC6 /* LoginViewController.swift */,
				86576EF128C4A2A000863CC6 /* TaskViewController.swift */,
			);
			path = Controllers;
			sourceTree = "<group>";
		};
		861102D628C7227300677B51 /* View */ = {
			isa = PBXGroup;
			children = (
				86576EE628C4A26000863CC6 /* Assets.xcassets */,
				86576EE328C4A26000863CC6 /* Main.storyboard */,
				86576EE828C4A26000863CC6 /* LaunchScreen.storyboard */,
			);
			path = View;
			sourceTree = "<group>";
		};
		861102D728C7228000677B51 /* Helpers */ = {
			isa = PBXGroup;
			children = (
				86576EDD28C4A26000863CC6 /* AppDelegate.swift */,
				86576EDF28C4A26000863CC6 /* SceneDelegate.swift */,
				86576EEB28C4A26000863CC6 /* Info.plist */,
				861A2F8628C4A5E800414FA2 /* GoogleService-Info.plist */,
			);
			path = Helpers;
			sourceTree = "<group>";
		};
		861102DE28C7272300677B51 /* Model */ = {
			isa = PBXGroup;
			children = (
				861102D828C7271500677B51 /* Task.swift */,
				861102DC28C7272000677B51 /* User.swift */,
			);
			path = Model;
			sourceTree = "<group>";
		};
		86576ED128C4A26000863CC6 = {
			isa = PBXGroup;
			children = (
				86576EDC28C4A26000863CC6 /* fire */,
				86576EDB28C4A26000863CC6 /* Products */,
				91AAF88B277B6197160C895A /* Pods */,
				9799AED4E08C73CCB852BA7F /* Frameworks */,
			);
			sourceTree = "<group>";
		};
		86576EDB28C4A26000863CC6 /* Products */ = {
			isa = PBXGroup;
			children = (
				86576EDA28C4A26000863CC6 /* fire.app */,
			);
			name = Products;
			sourceTree = "<group>";
		};
		86576EDC28C4A26000863CC6 /* fire */ = {
			isa = PBXGroup;
			children = (
				861102DE28C7272300677B51 /* Model */,
				861102D628C7227300677B51 /* View */,
				861102D528C7225800677B51 /* Controllers */,
				861102D728C7228000677B51 /* Helpers */,
			);
			path = fire;
			sourceTree = "<group>";
		};
		91AAF88B277B6197160C895A /* Pods */ = {
			isa = PBXGroup;
			children = (
				B1AD5A59C1FA4E4F98435940 /* Pods-fire.debug.xcconfig */,
				C30F517EE033FA010CC49158 /* Pods-fire.release.xcconfig */,
			);
			path = Pods;
			sourceTree = "<group>";
		};
		9799AED4E08C73CCB852BA7F /* Frameworks */ = {
			isa = PBXGroup;
			children = (
				D7743F70B2FEE17D38CA7DAC /* Pods_fire.framework */,
			);
			name = Frameworks;
			sourceTree = "<group>";
		};
/* End PBXGroup section */

/* Begin PBXNativeTarget section */
		86576ED928C4A26000863CC6 /* fire */ = {
			isa = PBXNativeTarget;
			buildConfigurationList = 86576EEE28C4A26000863CC6 /* Build configuration list for PBXNativeTarget "fire" */;
			buildPhases = (
				92139627E2DDE6391CF1145C /* [CP] Check Pods Manifest.lock */,
				86576ED628C4A26000863CC6 /* Sources */,
				86576ED728C4A26000863CC6 /* Frameworks */,
				86576ED828C4A26000863CC6 /* Resources */,
				F3A630B51B28FED211683D92 /* [CP] Embed Pods Frameworks */,
			);
			buildRules = (
			);
			dependencies = (
			);
			name = fire;
			productName = fire;
			productReference = 86576EDA28C4A26000863CC6 /* fire.app */;
			productType = "com.apple.product-type.application";
		};
/* End PBXNativeTarget section */

/* Begin PBXProject section */
		86576ED228C4A26000863CC6 /* Project object */ = {
			isa = PBXProject;
			attributes = {
				BuildIndependentTargetsInParallel = 1;
				LastSwiftUpdateCheck = 1330;
				LastUpgradeCheck = 1330;
				TargetAttributes = {
					86576ED928C4A26000863CC6 = {
						CreatedOnToolsVersion = 13.3.1;
					};
				};
			};
			buildConfigurationList = 86576ED528C4A26000863CC6 /* Build configuration list for PBXProject "fire" */;
			compatibilityVersion = "Xcode 13.0";
			developmentRegion = en;
			hasScannedForEncodings = 0;
			knownRegions = (
				en,
				Base,
			);
			mainGroup = 86576ED128C4A26000863CC6;
			productRefGroup = 86576EDB28C4A26000863CC6 /* Products */;
			projectDirPath = "";
			projectRoot = "";
			targets = (
				86576ED928C4A26000863CC6 /* fire */,
			);
		};
/* End PBXProject section */

/* Begin PBXResourcesBuildPhase section */
		86576ED828C4A26000863CC6 /* Resources */ = {
			isa = PBXResourcesBuildPhase;
			buildActionMask = 2147483647;
			files = (
				86576EEA28C4A26000863CC6 /* LaunchScreen.storyboard in Resources */,
				86576EE728C4A26000863CC6 /* Assets.xcassets in Resources */,
				861A2F8728C4A5E800414FA2 /* GoogleService-Info.plist in Resources */,
				86576EE528C4A26000863CC6 /* Main.storyboard in Resources */,
			);
			runOnlyForDeploymentPostprocessing = 0;
		};
/* End PBXResourcesBuildPhase section */

/* Begin PBXShellScriptBuildPhase section */
		92139627E2DDE6391CF1145C /* [CP] Check Pods Manifest.lock */ = {
			isa = PBXShellScriptBuildPhase;
			buildActionMask = 2147483647;
			files = (
			);
			inputFileListPaths = (
			);
			inputPaths = (
				"${PODS_PODFILE_DIR_PATH}/Podfile.lock",
				"${PODS_ROOT}/Manifest.lock",
			);
			name = "[CP] Check Pods Manifest.lock";
			outputFileListPaths = (
			);
			outputPaths = (
				"$(DERIVED_FILE_DIR)/Pods-fire-checkManifestLockResult.txt",
			);
			runOnlyForDeploymentPostprocessing = 0;
			shellPath = /bin/sh;
			shellScript = "diff \"${PODS_PODFILE_DIR_PATH}/Podfile.lock\" \"${PODS_ROOT}/Manifest.lock\" > /dev/null\nif [ $? != 0 ] ; then\n    # print error to STDERR\n    echo \"error: The sandbox is not in sync with the Podfile.lock. Run 'pod install' or update your CocoaPods installation.\" >&2\n    exit 1\nfi\n# This output is used by Xcode 'outputs' to avoid re-running this script phase.\necho \"SUCCESS\" > \"${SCRIPT_OUTPUT_FILE_0}\"\n";
			showEnvVarsInLog = 0;
		};
		F3A630B51B28FED211683D92 /* [CP] Embed Pods Frameworks */ = {
			isa = PBXShellScriptBuildPhase;
			buildActionMask = 2147483647;
			files = (
			);
			inputFileListPaths = (
				"${PODS_ROOT}/Target Support Files/Pods-fire/Pods-fire-frameworks-${CONFIGURATION}-input-files.xcfilelist",
			);
			name = "[CP] Embed Pods Frameworks";
			outputFileListPaths = (
				"${PODS_ROOT}/Target Support Files/Pods-fire/Pods-fire-frameworks-${CONFIGURATION}-output-files.xcfilelist",
			);
			runOnlyForDeploymentPostprocessing = 0;
			shellPath = /bin/sh;
			shellScript = "\"${PODS_ROOT}/Target Support Files/Pods-fire/Pods-fire-frameworks.sh\"\n";
			showEnvVarsInLog = 0;
		};
/* End PBXShellScriptBuildPhase section */

/* Begin PBXSourcesBuildPhase section */
		86576ED628C4A26000863CC6 /* Sources */ = {
			isa = PBXSourcesBuildPhase;
			buildActionMask = 2147483647;
			files = (
				86576EE228C4A26000863CC6 /* LoginViewController.swift in Sources */,
				86576EF228C4A2A000863CC6 /* TaskViewController.swift in Sources */,
				861102DD28C7272000677B51 /* User.swift in Sources */,
				861102D928C7271500677B51 /* Task.swift in Sources */,
				86576EDE28C4A26000863CC6 /* AppDelegate.swift in Sources */,
				86576EE028C4A26000863CC6 /* SceneDelegate.swift in Sources */,
			);
			runOnlyForDeploymentPostprocessing = 0;
		};
/* End PBXSourcesBuildPhase section */

/* Begin PBXVariantGroup section */
		86576EE328C4A26000863CC6 /* Main.storyboard */ = {
			isa = PBXVariantGroup;
			children = (
				86576EE428C4A26000863CC6 /* Base */,
			);
			name = Main.storyboard;
			sourceTree = "<group>";
		};
		86576EE828C4A26000863CC6 /* LaunchScreen.storyboard */ = {
			isa = PBXVariantGroup;
			children = (
				86576EE928C4A26000863CC6 /* Base */,
			);
			name = LaunchScreen.storyboard;
			sourceTree = "<group>";
		};
/* End PBXVariantGroup section */

/* Begin XCBuildConfiguration section */
		86576EEC28C4A26000863CC6 /* Debug */ = {
			isa = XCBuildConfiguration;
			buildSettings = {
				ALWAYS_SEARCH_USER_PATHS = NO;
				CLANG_ANALYZER_NONNULL = YES;
				CLANG_ANALYZER_NUMBER_OBJECT_CONVERSION = YES_AGGRESSIVE;
				CLANG_CXX_LANGUAGE_STANDARD = "gnu++17";
				CLANG_ENABLE_MODULES = YES;
				CLANG_ENABLE_OBJC_ARC = YES;
				CLANG_ENABLE_OBJC_WEAK = YES;
				CLANG_WARN_BLOCK_CAPTURE_AUTORELEASING = YES;
				CLANG_WARN_BOOL_CONVERSION = YES;
				CLANG_WARN_COMMA = YES;
				CLANG_WARN_CONSTANT_CONVERSION = YES;
				CLANG_WARN_DEPRECATED_OBJC_IMPLEMENTATIONS = YES;
				CLANG_WARN_DIRECT_OBJC_ISA_USAGE = YES_ERROR;
				CLANG_WARN_DOCUMENTATION_COMMENTS = YES;
				CLANG_WARN_EMPTY_BODY = YES;
				CLANG_WARN_ENUM_CONVERSION = YES;
				CLANG_WARN_INFINITE_RECURSION = YES;
				CLANG_WARN_INT_CONVERSION = YES;
				CLANG_WARN_NON_LITERAL_NULL_CONVERSION = YES;
				CLANG_WARN_OBJC_IMPLICIT_RETAIN_SELF = YES;
				CLANG_WARN_OBJC_LITERAL_CONVERSION = YES;
				CLANG_WARN_OBJC_ROOT_CLASS = YES_ERROR;
				CLANG_WARN_QUOTED_INCLUDE_IN_FRAMEWORK_HEADER = YES;
				CLANG_WARN_RANGE_LOOP_ANALYSIS = YES;
				CLANG_WARN_STRICT_PROTOTYPES = YES;
				CLANG_WARN_SUSPICIOUS_MOVE = YES;
				CLANG_WARN_UNGUARDED_AVAILABILITY = YES_AGGRESSIVE;
				CLANG_WARN_UNREACHABLE_CODE = YES;
				CLANG_WARN__DUPLICATE_METHOD_MATCH = YES;
				COPY_PHASE_STRIP = NO;
				DEBUG_INFORMATION_FORMAT = dwarf;
				ENABLE_STRICT_OBJC_MSGSEND = YES;
				ENABLE_TESTABILITY = YES;
				GCC_C_LANGUAGE_STANDARD = gnu11;
				GCC_DYNAMIC_NO_PIC = NO;
				GCC_NO_COMMON_BLOCKS = YES;
				GCC_OPTIMIZATION_LEVEL = 0;
				GCC_PREPROCESSOR_DEFINITIONS = (
					"DEBUG=1",
					"$(inherited)",
				);
				GCC_WARN_64_TO_32_BIT_CONVERSION = YES;
				GCC_WARN_ABOUT_RETURN_TYPE = YES_ERROR;
				GCC_WARN_UNDECLARED_SELECTOR = YES;
				GCC_WARN_UNINITIALIZED_AUTOS = YES_AGGRESSIVE;
				GCC_WARN_UNUSED_FUNCTION = YES;
				GCC_WARN_UNUSED_VARIABLE = YES;
				IPHONEOS_DEPLOYMENT_TARGET = 15.4;
				MTL_ENABLE_DEBUG_INFO = INCLUDE_SOURCE;
				MTL_FAST_MATH = YES;
				ONLY_ACTIVE_ARCH = YES;
				SDKROOT = iphoneos;
				SWIFT_ACTIVE_COMPILATION_CONDITIONS = DEBUG;
				SWIFT_OPTIMIZATION_LEVEL = "-Onone";
			};
			name = Debug;
		};
		86576EED28C4A26000863CC6 /* Release */ = {
			isa = XCBuildConfiguration;
			buildSettings = {
				ALWAYS_SEARCH_USER_PATHS = NO;
				CLANG_ANALYZER_NONNULL = YES;
				CLANG_ANALYZER_NUMBER_OBJECT_CONVERSION = YES_AGGRESSIVE;
				CLANG_CXX_LANGUAGE_STANDARD = "gnu++17";
				CLANG_ENABLE_MODULES = YES;
				CLANG_ENABLE_OBJC_ARC = YES;
				CLANG_ENABLE_OBJC_WEAK = YES;
				CLANG_WARN_BLOCK_CAPTURE_AUTORELEASING = YES;
				CLANG_WARN_BOOL_CONVERSION = YES;
				CLANG_WARN_COMMA = YES;
				CLANG_WARN_CONSTANT_CONVERSION = YES;
				CLANG_WARN_DEPRECATED_OBJC_IMPLEMENTATIONS = YES;
				CLANG_WARN_DIRECT_OBJC_ISA_USAGE = YES_ERROR;
				CLANG_WARN_DOCUMENTATION_COMMENTS = YES;
				CLANG_WARN_EMPTY_BODY = YES;
				CLANG_WARN_ENUM_CONVERSION = YES;
				CLANG_WARN_INFINITE_RECURSION = YES;
				CLANG_WARN_INT_CONVERSION = YES;
				CLANG_WARN_NON_LITERAL_NULL_CONVERSION = YES;
				CLANG_WARN_OBJC_IMPLICIT_RETAIN_SELF = YES;
				CLANG_WARN_OBJC_LITERAL_CONVERSION = YES;
				CLANG_WARN_OBJC_ROOT_CLASS = YES_ERROR;
				CLANG_WARN_QUOTED_INCLUDE_IN_FRAMEWORK_HEADER = YES;
				CLANG_WARN_RANGE_LOOP_ANALYSIS = YES;
				CLANG_WARN_STRICT_PROTOTYPES = YES;
				CLANG_WARN_SUSPICIOUS_MOVE = YES;
				CLANG_WARN_UNGUARDED_AVAILABILITY = YES_AGGRESSIVE;
				CLANG_WARN_UNREACHABLE_CODE = YES;
				CLANG_WARN__DUPLICATE_METHOD_MATCH = YES;
				COPY_PHASE_STRIP = NO;
				DEBUG_INFORMATION_FORMAT = "dwarf-with-dsym";
				ENABLE_NS_ASSERTIONS = NO;
				ENABLE_STRICT_OBJC_MSGSEND = YES;
				GCC_C_LANGUAGE_STANDARD = gnu11;
				GCC_NO_COMMON_BLOCKS = YES;
				GCC_WARN_64_TO_32_BIT_CONVERSION = YES;
				GCC_WARN_ABOUT_RETURN_TYPE = YES_ERROR;
				GCC_WARN_UNDECLARED_SELECTOR = YES;
				GCC_WARN_UNINITIALIZED_AUTOS = YES_AGGRESSIVE;
				GCC_WARN_UNUSED_FUNCTION = YES;
				GCC_WARN_UNUSED_VARIABLE = YES;
				IPHONEOS_DEPLOYMENT_TARGET = 15.4;
				MTL_ENABLE_DEBUG_INFO = NO;
				MTL_FAST_MATH = YES;
				SDKROOT = iphoneos;
				SWIFT_COMPILATION_MODE = wholemodule;
				SWIFT_OPTIMIZATION_LEVEL = "-O";
				VALIDATE_PRODUCT = YES;
			};
			name = Release;
		};
		86576EEF28C4A26000863CC6 /* Debug */ = {
			isa = XCBuildConfiguration;
			baseConfigurationReference = B1AD5A59C1FA4E4F98435940 /* Pods-fire.debug.xcconfig */;
			buildSettings = {
				ASSETCATALOG_COMPILER_APPICON_NAME = AppIcon;
				ASSETCATALOG_COMPILER_GLOBAL_ACCENT_COLOR_NAME = AccentColor;
				CODE_SIGN_STYLE = Automatic;
				CURRENT_PROJECT_VERSION = 1;
				DEVELOPMENT_TEAM = 59WWFG63NN;
				GENERATE_INFOPLIST_FILE = YES;
				INFOPLIST_FILE = fire/Helpers/Info.plist;
				INFOPLIST_KEY_CFBundleDisplayName = fire;
				INFOPLIST_KEY_UIApplicationSupportsIndirectInputEvents = YES;
				INFOPLIST_KEY_UILaunchStoryboardName = LaunchScreen;
				INFOPLIST_KEY_UIMainStoryboardFile = Main;
				INFOPLIST_KEY_UISupportedInterfaceOrientations = UIInterfaceOrientationPortrait;
				INFOPLIST_KEY_UISupportedInterfaceOrientations_iPad = "UIInterfaceOrientationPortrait UIInterfaceOrientationPortraitUpsideDown UIInterfaceOrientationLandscapeLeft UIInterfaceOrientationLandscapeRight";
				INFOPLIST_KEY_UISupportedInterfaceOrientations_iPhone = "UIInterfaceOrientationPortrait UIInterfaceOrientationLandscapeLeft UIInterfaceOrientationLandscapeRight";
				IPHONEOS_DEPLOYMENT_TARGET = 15.4;
				LD_RUNPATH_SEARCH_PATHS = (
					"$(inherited)",
					"@executable_path/Frameworks",
				);
				MARKETING_VERSION = 1.0;
				PRODUCT_BUNDLE_IDENTIFIER = ART.fire;
				PRODUCT_NAME = "$(TARGET_NAME)";
				SWIFT_EMIT_LOC_STRINGS = YES;
				SWIFT_VERSION = 5.0;
				TARGETED_DEVICE_FAMILY = 1;
			};
			name = Debug;
		};
		86576EF028C4A26000863CC6 /* Release */ = {
			isa = XCBuildConfiguration;
			baseConfigurationReference = C30F517EE033FA010CC49158 /* Pods-fire.release.xcconfig */;
			buildSettings = {
				ASSETCATALOG_COMPILER_APPICON_NAME = AppIcon;
				ASSETCATALOG_COMPILER_GLOBAL_ACCENT_COLOR_NAME = AccentColor;
				CODE_SIGN_STYLE = Automatic;
				CURRENT_PROJECT_VERSION = 1;
				DEVELOPMENT_TEAM = 59WWFG63NN;
				GENERATE_INFOPLIST_FILE = YES;
				INFOPLIST_FILE = fire/Helpers/Info.plist;
				INFOPLIST_KEY_CFBundleDisplayName = fire;
				INFOPLIST_KEY_UIApplicationSupportsIndirectInputEvents = YES;
				INFOPLIST_KEY_UILaunchStoryboardName = LaunchScreen;
				INFOPLIST_KEY_UIMainStoryboardFile = Main;
				INFOPLIST_KEY_UISupportedInterfaceOrientations = UIInterfaceOrientationPortrait;
				INFOPLIST_KEY_UISupportedInterfaceOrientations_iPad = "UIInterfaceOrientationPortrait UIInterfaceOrientationPortraitUpsideDown UIInterfaceOrientationLandscapeLeft UIInterfaceOrientationLandscapeRight";
				INFOPLIST_KEY_UISupportedInterfaceOrientations_iPhone = "UIInterfaceOrientationPortrait UIInterfaceOrientationLandscapeLeft UIInterfaceOrientationLandscapeRight";
				IPHONEOS_DEPLOYMENT_TARGET = 15.4;
				LD_RUNPATH_SEARCH_PATHS = (
					"$(inherited)",
					"@executable_path/Frameworks",
				);
				MARKETING_VERSION = 1.0;
				PRODUCT_BUNDLE_IDENTIFIER = ART.fire;
				PRODUCT_NAME = "$(TARGET_NAME)";
				SWIFT_EMIT_LOC_STRINGS = YES;
				SWIFT_VERSION = 5.0;
				TARGETED_DEVICE_FAMILY = 1;
			};
			name = Release;
		};
/* End XCBuildConfiguration section */

/* Begin XCConfigurationList section */
		86576ED528C4A26000863CC6 /* Build configuration list for PBXProject "fire" */ = {
			isa = XCConfigurationList;
			buildConfigurations = (
				86576EEC28C4A26000863CC6 /* Debug */,
				86576EED28C4A26000863CC6 /* Release */,
			);
			defaultConfigurationIsVisible = 0;
			defaultConfigurationName = Release;
		};
		86576EEE28C4A26000863CC6 /* Build configuration list for PBXNativeTarget "fire" */ = {
			isa = XCConfigurationList;
			buildConfigurations = (
				86576EEF28C4A26000863CC6 /* Debug */,
				86576EF028C4A26000863CC6 /* Release */,
			);
			defaultConfigurationIsVisible = 0;
			defaultConfigurationName = Release;
		};
/* End XCConfigurationList section */
	};
	rootObject = 86576ED228C4A26000863CC6 /* Project object */;
}
